
Microsoft Visual Studio Solution File, Format Version 12.00
# Visual Studio Version 17
VisualStudioVersion = 17.6.33801.468
MinimumVisualStudioVersion = 10.0.40219.1
Project("{FAE04EC0-301F-11D3-BF4B-00C04F79EFBC}") = "WindowsFormsApp4", "WindowsFormsApp4\WindowsFormsApp4.csproj", "{110E7E75-57E2-421F-8616-11296B32F7B5}"
EndProject
Global
	GlobalSection(SolutionConfigurationPlatforms) = preSolution
		Debug|Any CPU = Debug|Any CPU
		Release|Any CPU = Release|Any CPU
	EndGlobalSection
	GlobalSection(ProjectConfigurationPlatforms) = postSolution
		{110E7E75-57E2-421F-8616-11296B32F7B5}.Debug|Any CPU.ActiveCfg = Debug|Any CPU
		{110E7E75-57E2-421F-8616-11296B32F7B5}.Debug|Any CPU.Build.0 = Debug|Any CPU
		{110E7E75-57E2-421F-8616-11296B32F7B5}.Release|Any CPU.ActiveCfg = Release|Any CPU
		{110E7E75-57E2-421F-8616-11296B32F7B5}.Release|Any CPU.Build.0 = Release|Any CPU
	EndGlobalSection
	GlobalSection(SolutionProperties) = preSolution
		HideSolutionNode = FALSE
	EndGlobalSection
	GlobalSection(ExtensibilityGlobals) = postSolution
		SolutionGuid = {59DE054D-B587-4F77-8172-FFB2B2B2C84E}
	EndGlobalSection
EndGlobal
